[[package]]
name = "ansicon"
sections = ["default"]
version = "1.89.0"
marker = "platform_system == 'Windows'"
summary = "Python wrapper for loading Jason Hood's ANSICON"

[[package]]
name = "appdirs"
sections = ["default"]
version = "1.4.4"
summary = "A small Python module for determining appropriate platform-specific dirs, e.g. a \"user data dir\"."

[[package]]
name = "atomicwrites"
sections = ["dev"]
version = "1.4.0"
marker = "sys_platform == 'win32'"
summary = "Atomic file writes."

[[package]]
name = "attrs"
sections = ["dev"]
version = "21.3.0"
summary = "Classes Without Boilerplate"

[[package]]
name = "audioread"
sections = ["default"]
version = "2.1.9"
summary = "multi-library, cross-platform audio decoding"

[[package]]
name = "blessed"
sections = ["default"]
version = "1.19.0"
summary = "Easy, practical library for making terminal apps, by providing an elegant, well-documented interface to Colors, Keyboard input, and screen Positioning capabilities."
dependencies = [
    "wcwidth>=0.1.4",
    "six>=1.9.0",
    "jinxed>=1.1.0; platform_system == \"Windows\"",
]

[[package]]
name = "colorama"
sections = ["dev"]
version = "0.4.4"
marker = "sys_platform == 'win32'"
summary = "Cross-platform colored terminal text."

[[package]]
name = "iniconfig"
sections = ["dev"]
version = "1.1.1"
summary = "iniconfig: brain-dead simple config-ini parsing"

[[package]]
name = "inquirer"
sections = ["default"]
version = "2.9.1"
summary = "Collection of common interactive command line user interfaces, based on Inquirer.js"
dependencies = [
    "blessed>=1.19.0",
    "python-editor>=1.0.4",
    "readchar>=2.0.1",
]

[[package]]
name = "jinxed"
sections = ["default"]
version = "1.1.0"
marker = "platform_system == 'Windows'"
summary = "Jinxed Terminal Library"
dependencies = [
    "ansicon; platform_system == \"Windows\"",
]

[[package]]
name = "packaging"
sections = ["dev"]
version = "21.3"
summary = "Core utilities for Python packages"
dependencies = [
    "pyparsing!=3.0.5,>=2.0.2",
]

[[package]]
name = "pluggy"
sections = ["dev"]
version = "1.0.0"
summary = "plugin and hook calling mechanisms for python"

[[package]]
name = "py"
sections = ["dev"]
version = "1.11.0"
summary = "library with cross-python path, ini-parsing, io, code, log facilities"

[[package]]
name = "pyparsing"
sections = ["dev"]
version = "3.0.6"
summary = "Python parsing module"

[[package]]
name = "pytest"
sections = ["dev"]
version = "6.2.5"
summary = "pytest: simple powerful testing with Python"
dependencies = [
    "attrs>=19.2.0",
    "iniconfig",
    "packaging",
    "pluggy<2.0,>=0.12",
    "py>=1.8.2",
    "toml",
    "atomicwrites>=1.0; sys_platform == \"win32\"",
    "colorama; sys_platform == \"win32\"",
]

[[package]]
name = "python-editor"
sections = ["default"]
version = "1.0.4"
summary = "Programmatically open an editor, capture the result."

[[package]]
name = "python-magic"
sections = ["default"]
version = "0.4.24"
summary = "File type identification using libmagic"

[[package]]
name = "readchar"
sections = ["default"]
version = "3.0.5"
summary = "Utilities to read single characters and key-strokes"

[[package]]
name = "six"
sections = ["default"]
version = "1.16.0"
summary = "Python 2 and 3 compatibility utilities"

[[package]]
name = "toml"
sections = ["dev"]
version = "0.10.2"
summary = "Python Library for Tom's Obvious, Minimal Language"

[[package]]
name = "wcwidth"
sections = ["default"]
version = "0.2.5"
summary = "Measures the displayed width of unicode strings in a terminal"

[metadata]
lock_version = "2"
content_hash = "sha256:ecb47fb7d00c1991a207a69c7c7f6e575352f8c7d1e5f664949774d601da77c7"

[metadata.files]
"ansicon 1.89.0" = [
    {file = "ansicon-1.89.0-py2.py3-none-any.whl", hash = "sha256:f1def52d17f65c2c9682cf8370c03f541f410c1752d6a14029f97318e4b9dfec"},
    {file = "ansicon-1.89.0.tar.gz", hash = "sha256:e4d039def5768a47e4afec8e89e83ec3ae5a26bf00ad851f914d1240b444d2b1"},
]
"appdirs 1.4.4" = [
    {file = "appdirs-1.4.4-py2.py3-none-any.whl", hash = "sha256:a841dacd6b99318a741b166adb07e19ee71a274450e68237b4650ca1055ab128"},
    {file = "appdirs-1.4.4.tar.gz", hash = "sha256:7d5d0167b2b1ba821647616af46a749d1c653740dd0d2415100fe26e27afdf41"},
]
"atomicwrites 1.4.0" = [
    {file = "atomicwrites-1.4.0-py2.py3-none-any.whl", hash = "sha256:6d1784dea7c0c8d4a5172b6c620f40b6e4cbfdf96d783691f2e1302a7b88e197"},
    {file = "atomicwrites-1.4.0.tar.gz", hash = "sha256:ae70396ad1a434f9c7046fd2dd196fc04b12f9e91ffb859164193be8b6168a7a"},
]
"attrs 21.3.0" = [
    {file = "attrs-21.3.0-py2.py3-none-any.whl", hash = "sha256:8f7335278dedd26b58c38e006338242cc0977f06d51579b2b8b87b9b33bff66c"},
    {file = "attrs-21.3.0.tar.gz", hash = "sha256:50f3c9b216dc9021042f71b392859a773b904ce1a029077f58f6598272432045"},
]
"audioread 2.1.9" = [
    {file = "audioread-2.1.9.tar.gz", hash = "sha256:a3480e42056c8e80a8192a54f6729a280ef66d27782ee11cbd63e9d4d1523089"},
]
"blessed 1.19.0" = [
    {file = "blessed-1.19.0-py2.py3-none-any.whl", hash = "sha256:1f2d462631b2b6d2d4c3c65b54ef79ad87a6ca2dd55255df2f8d739fcc8a1ddb"},
    {file = "blessed-1.19.0.tar.gz", hash = "sha256:4db0f94e5761aea330b528e84a250027ffe996b5a94bf03e502600c9a5ad7a61"},
]
"colorama 0.4.4" = [
    {file = "colorama-0.4.4-py2.py3-none-any.whl", hash = "sha256:9f47eda37229f68eee03b24b9748937c7dc3868f906e8ba69fbcbdd3bc5dc3e2"},
    {file = "colorama-0.4.4.tar.gz", hash = "sha256:5941b2b48a20143d2267e95b1c2a7603ce057ee39fd88e7329b0c292aa16869b"},
]
"iniconfig 1.1.1" = [
    {file = "iniconfig-1.1.1-py2.py3-none-any.whl", hash = "sha256:011e24c64b7f47f6ebd835bb12a743f2fbe9a26d4cecaa7f53bc4f35ee9da8b3"},
    {file = "iniconfig-1.1.1.tar.gz", hash = "sha256:bc3af051d7d14b2ee5ef9969666def0cd1a000e121eaea580d4a313df4b37f32"},
]
"inquirer 2.9.1" = [
    {file = "inquirer-2.9.1-py3-none-any.whl", hash = "sha256:f50876f5073c8c5fc482b44b8ef4e9720061498abeb352f62b5c94cacf0e43e2"},
    {file = "inquirer-2.9.1.tar.gz", hash = "sha256:65f0a8eaa8bcabd7ec65771c9f872bb2700753c23bbe8b8ff12efd264a9dbf5d"},
]
"jinxed 1.1.0" = [
    {file = "jinxed-1.1.0-py2.py3-none-any.whl", hash = "sha256:6a61ccf963c16aa885304f27e6e5693783676897cea0c7f223270c8b8e78baf8"},
    {file = "jinxed-1.1.0.tar.gz", hash = "sha256:d8f1731f134e9e6b04d95095845ae6c10eb15cb223a5f0cabdea87d4a279c305"},
]
"packaging 21.3" = [
    {file = "packaging-21.3-py3-none-any.whl", hash = "sha256:ef103e05f519cdc783ae24ea4e2e0f508a9c99b2d4969652eed6a2e1ea5bd522"},
    {file = "packaging-21.3.tar.gz", hash = "sha256:dd47c42927d89ab911e606518907cc2d3a1f38bbd026385970643f9c5b8ecfeb"},
]
"pluggy 1.0.0" = [
    {file = "pluggy-1.0.0-py2.py3-none-any.whl", hash = "sha256:74134bbf457f031a36d68416e1509f34bd5ccc019f0bcc952c7b909d06b37bd3"},
    {file = "pluggy-1.0.0.tar.gz", hash = "sha256:4224373bacce55f955a878bf9cfa763c1e360858e330072059e10bad68531159"},
]
"py 1.11.0" = [
    {file = "py-1.11.0-py2.py3-none-any.whl", hash = "sha256:607c53218732647dff4acdfcd50cb62615cedf612e72d1724fb1a0cc6405b378"},
    {file = "py-1.11.0.tar.gz", hash = "sha256:51c75c4126074b472f746a24399ad32f6053d1b34b68d2fa41e558e6f4a98719"},
]
"pyparsing 3.0.6" = [
    {file = "pyparsing-3.0.6-py3-none-any.whl", hash = "sha256:04ff808a5b90911829c55c4e26f75fa5ca8a2f5f36aa3a51f68e27033341d3e4"},
    {file = "pyparsing-3.0.6.tar.gz", hash = "sha256:d9bdec0013ef1eb5a84ab39a3b3868911598afa494f5faa038647101504e2b81"},
]
"pytest 6.2.5" = [
    {file = "pytest-6.2.5-py3-none-any.whl", hash = "sha256:7310f8d27bc79ced999e760ca304d69f6ba6c6649c0b60fb0e04a4a77cacc134"},
    {file = "pytest-6.2.5.tar.gz", hash = "sha256:131b36680866a76e6781d13f101efb86cf674ebb9762eb70d3082b6f29889e89"},
]
"python-editor 1.0.4" = [
    {file = "python_editor-1.0.4-py2-none-any.whl", hash = "sha256:5f98b069316ea1c2ed3f67e7f5df6c0d8f10b689964a4a811ff64f0106819ec8"},
    {file = "python_editor-1.0.4-py3-none-any.whl", hash = "sha256:1bf6e860a8ad52a14c3ee1252d5dc25b2030618ed80c022598f00176adc8367d"},
    {file = "python-editor-1.0.4.tar.gz", hash = "sha256:51fda6bcc5ddbbb7063b2af7509e43bd84bfc32a4ff71349ec7847713882327b"},
]
"python-magic 0.4.24" = [
    {file = "python_magic-0.4.24-py2.py3-none-any.whl", hash = "sha256:4fec8ee805fea30c07afccd1592c0f17977089895bdfaae5fec870a84e997626"},
    {file = "python-magic-0.4.24.tar.gz", hash = "sha256:de800df9fb50f8ec5974761054a708af6e4246b03b4bdaee993f948947b0ebcf"},
]
"readchar 3.0.5" = [
    {file = "readchar-3.0.5-py3-none-any.whl", hash = "sha256:4c31210edfdf3e706d042c58feba2e8b6d5768b7f37002c5579fc473552f8fbb"},
    {file = "readchar-3.0.5.tar.gz", hash = "sha256:d1f5b71e98c37b7f3b695fba9db978ab84f4f8a0ed879653d83e1d90a4c482c0"},
]
"six 1.16.0" = [
    {file = "six-1.16.0-py2.py3-none-any.whl", hash = "sha256:8abb2f1d86890a2dfb989f9a77cfcfd3e47c2a354b01111771326f8aa26e0254"},
    {file = "six-1.16.0.tar.gz", hash = "sha256:1e61c37477a1626458e36f7b1d82aa5c9b094fa4802892072e49de9c60c4c926"},
]
"toml 0.10.2" = [
    {file = "toml-0.10.2-py2.py3-none-any.whl", hash = "sha256:806143ae5bfb6a3c6e736a764057db0e6a0e05e338b5630894a5f779cabb4f9b"},
    {file = "toml-0.10.2.tar.gz", hash = "sha256:b3bda1d108d5dd99f4a20d24d9c348e91c4db7ab1b749200bded2f839ccbe68f"},
]
"wcwidth 0.2.5" = [
    {file = "wcwidth-0.2.5-py2.py3-none-any.whl", hash = "sha256:beb4802a9cebb9144e99086eff703a642a13d6a0052920003a230f3294bbe784"},
    {file = "wcwidth-0.2.5.tar.gz", hash = "sha256:c4d647b99872929fdb7bdcaa4fbe7f01413ed3d98077df798530e5b04f116c83"},
]
